
Microsoft Visual Studio Solution File, Format Version 12.00
# Visual Studio Version 16
VisualStudioVersion = 16.0.29215.179
MinimumVisualStudioVersion = 10.0.40219.1
Project("{FAE04EC0-301F-11D3-BF4B-00C04F79EFBC}") = "klasupg3", "klasupg3\klasupg3.csproj", "{D20877BE-C292-425D-BCD9-85D66F40AB3B}"
EndProject
Global
	GlobalSection(SolutionConfigurationPlatforms) = preSolution
		Debug|Any CPU = Debug|Any CPU
		Release|Any CPU = Release|Any CPU
	EndGlobalSection
	GlobalSection(ProjectConfigurationPlatforms) = postSolution
		{D20877BE-C292-425D-BCD9-85D66F40AB3B}.Debug|Any CPU.ActiveCfg = Debug|Any CPU
		{D20877BE-C292-425D-BCD9-85D66F40AB3B}.Debug|Any CPU.Build.0 = Debug|Any CPU
		{D20877BE-C292-425D-BCD9-85D66F40AB3B}.Release|Any CPU.ActiveCfg = Release|Any CPU
		{D20877BE-C292-425D-BCD9-85D66F40AB3B}.Release|Any CPU.Build.0 = Release|Any CPU
	EndGlobalSection
	GlobalSection(SolutionProperties) = preSolution
		HideSolutionNode = FALSE
	EndGlobalSection
	GlobalSection(ExtensibilityGlobals) = postSolution
		SolutionGuid = {872FFEC2-0EEA-4778-9608-15D22FA3D0D4}
	EndGlobalSection
EndGlobal
