
Microsoft Visual Studio Solution File, Format Version 12.00
# Visual Studio Version 16
VisualStudioVersion = 16.0.29911.84
MinimumVisualStudioVersion = 10.0.40219.1
Project("{FAE04EC0-301F-11D3-BF4B-00C04F79EFBC}") = "slutprogrammering", "slutprogrammering\slutprogrammering.csproj", "{B4786B49-8254-4EA4-A799-195E80B61DA5}"
EndProject
Global
	GlobalSection(SolutionConfigurationPlatforms) = preSolution
		Debug|Any CPU = Debug|Any CPU
		Release|Any CPU = Release|Any CPU
	EndGlobalSection
	GlobalSection(ProjectConfigurationPlatforms) = postSolution
		{B4786B49-8254-4EA4-A799-195E80B61DA5}.Debug|Any CPU.ActiveCfg = Debug|Any CPU
		{B4786B49-8254-4EA4-A799-195E80B61DA5}.Debug|Any CPU.Build.0 = Debug|Any CPU
		{B4786B49-8254-4EA4-A799-195E80B61DA5}.Release|Any CPU.ActiveCfg = Release|Any CPU
		{B4786B49-8254-4EA4-A799-195E80B61DA5}.Release|Any CPU.Build.0 = Release|Any CPU
	EndGlobalSection
	GlobalSection(SolutionProperties) = preSolution
		HideSolutionNode = FALSE
	EndGlobalSection
	GlobalSection(ExtensibilityGlobals) = postSolution
		SolutionGuid = {B5B66DB9-183E-4856-AA5A-F81B61229284}
	EndGlobalSection
EndGlobal
