
Microsoft Visual Studio Solution File, Format Version 12.00
# Visual Studio Version 16
VisualStudioVersion = 16.0.29215.179
MinimumVisualStudioVersion = 10.0.40219.1
Project("{FAE04EC0-301F-11D3-BF4B-00C04F79EFBC}") = "natverk1", "natverk1\natverk1.csproj", "{E5F17526-DDA3-41E3-8718-3B9C064F7FB0}"
EndProject
Global
	GlobalSection(SolutionConfigurationPlatforms) = preSolution
		Debug|Any CPU = Debug|Any CPU
		Release|Any CPU = Release|Any CPU
	EndGlobalSection
	GlobalSection(ProjectConfigurationPlatforms) = postSolution
		{E5F17526-DDA3-41E3-8718-3B9C064F7FB0}.Debug|Any CPU.ActiveCfg = Debug|Any CPU
		{E5F17526-DDA3-41E3-8718-3B9C064F7FB0}.Debug|Any CPU.Build.0 = Debug|Any CPU
		{E5F17526-DDA3-41E3-8718-3B9C064F7FB0}.Release|Any CPU.ActiveCfg = Release|Any CPU
		{E5F17526-DDA3-41E3-8718-3B9C064F7FB0}.Release|Any CPU.Build.0 = Release|Any CPU
	EndGlobalSection
	GlobalSection(SolutionProperties) = preSolution
		HideSolutionNode = FALSE
	EndGlobalSection
	GlobalSection(ExtensibilityGlobals) = postSolution
		SolutionGuid = {976B925B-5BA3-47E9-8093-47AE3A1E7E5F}
	EndGlobalSection
EndGlobal
